
Microsoft Visual Studio Solution File, Format Version 12.00
# Visual Studio Version 16
VisualStudioVersion = 16.0.32106.194
MinimumVisualStudioVersion = 10.0.40219.1
Project("{FAE04EC0-301F-11D3-BF4B-00C04F79EFBC}") = "SeriLogDemo", "SeriLogDemo\SeriLogDemo.csproj", "{BA76FD52-B788-4AB4-B838-07AE3689A926}"
EndProject
Global
	GlobalSection(SolutionConfigurationPlatforms) = preSolution
		Debug|Any CPU = Debug|Any CPU
		Release|Any CPU = Release|Any CPU
	EndGlobalSection
	GlobalSection(ProjectConfigurationPlatforms) = postSolution
		{BA76FD52-B788-4AB4-B838-07AE3689A926}.Debug|Any CPU.ActiveCfg = Debug|Any CPU
		{BA76FD52-B788-4AB4-B838-07AE3689A926}.Debug|Any CPU.Build.0 = Debug|Any CPU
		{BA76FD52-B788-4AB4-B838-07AE3689A926}.Release|Any CPU.ActiveCfg = Release|Any CPU
		{BA76FD52-B788-4AB4-B838-07AE3689A926}.Release|Any CPU.Build.0 = Release|Any CPU
	EndGlobalSection
	GlobalSection(SolutionProperties) = preSolution
		HideSolutionNode = FALSE
	EndGlobalSection
	GlobalSection(ExtensibilityGlobals) = postSolution
		SolutionGuid = {6828B31F-7D53-494D-B19D-8988B30A5163}
	EndGlobalSection
EndGlobal
